{
    "version": 3,
    "terraform_version": "0.11.10",
    "serial": 2,
    "lineage": "8f45c6d8-fc3c-5a3c-ffc1-d27af47bbb70",
    "modules": [
        {
            "path": [
                "root"
            ],
            "outputs": {},
            "resources": {
                "azurerm_network_interface.simplevm": {
                    "type": "azurerm_network_interface",
                    "depends_on": [
                        "azurerm_public_ip.simplevm",
                        "azurerm_resource_group.simplevm",
                        "azurerm_subnet.simplevm"
                    ],
                    "primary": {
                        "id": "/subscriptions/2d9812a9-7eb0-4c7a-8203-ba507bb14ecc/resourceGroups/simplevm/providers/Microsoft.Network/networkInterfaces/simplevmNic",
                        "attributes": {
                            "applied_dns_servers.#": "0",
                            "dns_servers.#": "0",
                            "enable_accelerated_networking": "false",
                            "enable_ip_forwarding": "false",
                            "id": "/subscriptions/2d9812a9-7eb0-4c7a-8203-ba507bb14ecc/resourceGroups/simplevm/providers/Microsoft.Network/networkInterfaces/simplevmNic",
                            "internal_dns_name_label": "",
                            "internal_fqdn": "",
                            "ip_configuration.#": "1",
                            "ip_configuration.0.application_gateway_backend_address_pools_ids.#": "0",
                            "ip_configuration.0.application_security_group_ids.#": "0",
                            "ip_configuration.0.load_balancer_backend_address_pools_ids.#": "0",
                            "ip_configuration.0.load_balancer_inbound_nat_rules_ids.#": "0",
                            "ip_configuration.0.name": "simplevmIpConfiguration",
                            "ip_configuration.0.primary": "true",
                            "ip_configuration.0.private_ip_address": "",
                            "ip_configuration.0.private_ip_address_allocation": "dynamic",
                            "ip_configuration.0.public_ip_address_id": "/subscriptions/2d9812a9-7eb0-4c7a-8203-ba507bb14ecc/resourceGroups/simplevm/providers/Microsoft.Network/publicIPAddresses/simplevmPublicIp",
                            "ip_configuration.0.subnet_id": "/subscriptions/2d9812a9-7eb0-4c7a-8203-ba507bb14ecc/resourceGroups/simplevm/providers/Microsoft.Network/virtualNetworks/simplevmNetwork/subnets/simplevmSubnet",
                            "location": "westeurope",
                            "mac_address": "",
                            "name": "simplevmNic",
                            "network_security_group_id": "",
                            "private_ip_address": "10.66.0.4",
                            "private_ip_addresses.#": "1",
                            "private_ip_addresses.0": "10.66.0.4",
                            "resource_group_name": "simplevm",
                            "tags.%": "0"
                        },
                        "meta": {},
                        "tainted": false
                    },
                    "deposed": [],
                    "provider": "provider.azurerm"
                },
                "azurerm_public_ip.simplevm": {
                    "type": "azurerm_public_ip",
                    "depends_on": [
                        "azurerm_resource_group.simplevm"
                    ],
                    "primary": {
                        "id": "/subscriptions/2d9812a9-7eb0-4c7a-8203-ba507bb14ecc/resourceGroups/simplevm/providers/Microsoft.Network/publicIPAddresses/simplevmPublicIp",
                        "attributes": {
                            "id": "/subscriptions/2d9812a9-7eb0-4c7a-8203-ba507bb14ecc/resourceGroups/simplevm/providers/Microsoft.Network/publicIPAddresses/simplevmPublicIp",
                            "idle_timeout_in_minutes": "4",
                            "ip_address": "13.69.51.142",
                            "ip_version": "ipv4",
                            "location": "westeurope",
                            "name": "simplevmPublicIp",
                            "public_ip_address_allocation": "static",
                            "resource_group_name": "simplevm",
                            "sku": "Basic",
                            "tags.%": "1",
                            "tags.environment": "simplevm",
                            "zones.#": "0"
                        },
                        "meta": {},
                        "tainted": false
                    },
                    "deposed": [],
                    "provider": "provider.azurerm"
                },
                "azurerm_resource_group.simplevm": {
                    "type": "azurerm_resource_group",
                    "depends_on": [],
                    "primary": {
                        "id": "/subscriptions/2d9812a9-7eb0-4c7a-8203-ba507bb14ecc/resourceGroups/simplevm",
                        "attributes": {
                            "id": "/subscriptions/2d9812a9-7eb0-4c7a-8203-ba507bb14ecc/resourceGroups/simplevm",
                            "location": "westeurope",
                            "name": "simplevm",
                            "tags.%": "0"
                        },
                        "meta": {},
                        "tainted": false
                    },
                    "deposed": [],
                    "provider": "provider.azurerm"
                },
                "azurerm_subnet.simplevm": {
                    "type": "azurerm_subnet",
                    "depends_on": [
                        "azurerm_resource_group.simplevm",
                        "azurerm_virtual_network.simplevm"
                    ],
                    "primary": {
                        "id": "/subscriptions/2d9812a9-7eb0-4c7a-8203-ba507bb14ecc/resourceGroups/simplevm/providers/Microsoft.Network/virtualNetworks/simplevmNetwork/subnets/simplevmSubnet",
                        "attributes": {
                            "address_prefix": "10.66.0.0/24",
                            "id": "/subscriptions/2d9812a9-7eb0-4c7a-8203-ba507bb14ecc/resourceGroups/simplevm/providers/Microsoft.Network/virtualNetworks/simplevmNetwork/subnets/simplevmSubnet",
                            "ip_configurations.#": "0",
                            "name": "simplevmSubnet",
                            "resource_group_name": "simplevm",
                            "route_table_id": "",
                            "service_endpoints.#": "0",
                            "virtual_network_name": "simplevmNetwork"
                        },
                        "meta": {},
                        "tainted": false
                    },
                    "deposed": [],
                    "provider": "provider.azurerm"
                },
                "azurerm_virtual_machine.simplevm": {
                    "type": "azurerm_virtual_machine",
                    "depends_on": [
                        "azurerm_network_interface.simplevm",
                        "azurerm_resource_group.simplevm"
                    ],
                    "primary": {
                        "id": "/subscriptions/2d9812a9-7eb0-4c7a-8203-ba507bb14ecc/resourceGroups/simplevm/providers/Microsoft.Compute/virtualMachines/simplevmVm",
                        "attributes": {
                            "delete_data_disks_on_termination": "false",
                            "delete_os_disk_on_termination": "false",
                            "id": "/subscriptions/2d9812a9-7eb0-4c7a-8203-ba507bb14ecc/resourceGroups/simplevm/providers/Microsoft.Compute/virtualMachines/simplevmVm",
                            "identity.#": "0",
                            "location": "westeurope",
                            "name": "simplevmVm",
                            "network_interface_ids.#": "1",
                            "network_interface_ids.0": "/subscriptions/2d9812a9-7eb0-4c7a-8203-ba507bb14ecc/resourceGroups/simplevm/providers/Microsoft.Network/networkInterfaces/simplevmNic",
                            "os_profile.#": "1",
                            "os_profile.3246065597.admin_password": "",
                            "os_profile.3246065597.admin_username": "vmadmin",
                            "os_profile.3246065597.computer_name": "simplevmVm",
                            "os_profile.3246065597.custom_data": "",
                            "os_profile_linux_config.#": "1",
                            "os_profile_linux_config.2972667452.disable_password_authentication": "false",
                            "os_profile_linux_config.2972667452.ssh_keys.#": "0",
                            "os_profile_secrets.#": "0",
                            "resource_group_name": "simplevm",
                            "storage_data_disk.#": "0",
                            "storage_image_reference.#": "1",
                            "storage_image_reference.1211973898.id": "",
                            "storage_image_reference.1211973898.offer": "UbuntuServer",
                            "storage_image_reference.1211973898.publisher": "Canonical",
                            "storage_image_reference.1211973898.sku": "18.04-LTS",
                            "storage_image_reference.1211973898.version": "latest",
                            "storage_os_disk.#": "1",
                            "storage_os_disk.0.caching": "ReadWrite",
                            "storage_os_disk.0.create_option": "FromImage",
                            "storage_os_disk.0.disk_size_gb": "30",
                            "storage_os_disk.0.image_uri": "",
                            "storage_os_disk.0.managed_disk_id": "/subscriptions/2d9812a9-7eb0-4c7a-8203-ba507bb14ecc/resourceGroups/simplevm/providers/Microsoft.Compute/disks/simplevmVmDisk1",
                            "storage_os_disk.0.managed_disk_type": "Standard_LRS",
                            "storage_os_disk.0.name": "simplevmVmDisk1",
                            "storage_os_disk.0.os_type": "Linux",
                            "storage_os_disk.0.vhd_uri": "",
                            "storage_os_disk.0.write_accelerator_enabled": "false",
                            "tags.%": "1",
                            "tags.environment": "simplevm",
                            "vm_size": "Standard_B1s",
                            "zones.#": "0"
                        },
                        "meta": {},
                        "tainted": false
                    },
                    "deposed": [],
                    "provider": "provider.azurerm"
                },
                "azurerm_virtual_network.simplevm": {
                    "type": "azurerm_virtual_network",
                    "depends_on": [
                        "azurerm_resource_group.simplevm"
                    ],
                    "primary": {
                        "id": "/subscriptions/2d9812a9-7eb0-4c7a-8203-ba507bb14ecc/resourceGroups/simplevm/providers/Microsoft.Network/virtualNetworks/simplevmNetwork",
                        "attributes": {
                            "address_space.#": "1",
                            "address_space.0": "10.66.0.0/16",
                            "dns_servers.#": "0",
                            "id": "/subscriptions/2d9812a9-7eb0-4c7a-8203-ba507bb14ecc/resourceGroups/simplevm/providers/Microsoft.Network/virtualNetworks/simplevmNetwork",
                            "location": "westeurope",
                            "name": "simplevmNetwork",
                            "resource_group_name": "simplevm",
                            "subnet.#": "0",
                            "tags.%": "0"
                        },
                        "meta": {},
                        "tainted": false
                    },
                    "deposed": [],
                    "provider": "provider.azurerm"
                }
            },
            "depends_on": []
        }
    ]
}
