{
    "version": 3,
    "terraform_version": "0.11.10",
    "serial": 3,
    "lineage": "5a89069d-e605-1cba-eb08-5e6bee4e2d15",
    "modules": [
        {
            "path": [
                "root"
            ],
            "outputs": {},
            "resources": {
                "aws_internet_gateway.jenkins-demo": {
                    "type": "aws_internet_gateway",
                    "depends_on": [
                        "aws_vpc.jenkins-demo"
                    ],
                    "primary": {
                        "id": "igw-00714b491472ca19b",
                        "attributes": {
                            "id": "igw-00714b491472ca19b",
                            "tags.%": "1",
                            "tags.Name": "jenkins-demo-igw",
                            "vpc_id": "vpc-00b2184cc89775de8"
                        },
                        "meta": {},
                        "tainted": false
                    },
                    "deposed": [],
                    "provider": "provider.aws"
                },
                "aws_vpc.jenkins-demo": {
                    "type": "aws_vpc",
                    "depends_on": [],
                    "primary": {
                        "id": "vpc-00b2184cc89775de8",
                        "attributes": {
                            "arn": "arn:aws:ec2:eu-central-1:338229704880:vpc/vpc-00b2184cc89775de8",
                            "assign_generated_ipv6_cidr_block": "false",
                            "cidr_block": "10.99.0.0/24",
                            "default_network_acl_id": "acl-0ab741ca91c0008b5",
                            "default_route_table_id": "rtb-0d0d9288b02ca4b56",
                            "default_security_group_id": "sg-0f65f0c5dcf3bae0f",
                            "dhcp_options_id": "dopt-b5894ade",
                            "enable_dns_hostnames": "true",
                            "enable_dns_support": "true",
                            "id": "vpc-00b2184cc89775de8",
                            "instance_tenancy": "default",
                            "main_route_table_id": "rtb-0d0d9288b02ca4b56",
                            "tags.%": "1",
                            "tags.Name": "jenkins-demo-vpc"
                        },
                        "meta": {
                            "schema_version": "1"
                        },
                        "tainted": false
                    },
                    "deposed": [],
                    "provider": "provider.aws"
                }
            },
            "depends_on": []
        }
    ]
}
